<?xml version="1.0" encoding="UTF-8"?>
<CONFIG>
  <ProjectOptions>
    <Version Value="12"/>
    <PathDelim Value="\"/>
    <General>
      <Flags>
        <MainUnitHasCreateFormStatements Value="False"/>
        <MainUnitHasTitleStatement Value="False"/>
        <MainUnitHasScaledStatement Value="False"/>
      </Flags>
      <SessionStorage Value="InProjectDir"/>
      <Title Value="sge.server"/>
      <UseAppBundle Value="False"/>
      <ResourceType Value="res"/>
    </General>
    <BuildModes>
      <Item Name="Default" Default="True"/>
      <Item Name="Debug">
        <CompilerOptions>
          <Version Value="11"/>
          <PathDelim Value="\"/>
          <Target>
            <Filename Value="..\bin\sge.server"/>
          </Target>
          <SearchPaths>
            <IncludeFiles Value="$(ProjOutDir)"/>
            <OtherUnitFiles Value="units;..\modules\lazjwt\src;..\modules\hashlib4pascal\HashLib\src\Base;..\modules\hashlib4pascal\HashLib\src\Checksum;..\modules\hashlib4pascal\HashLib\src\Crypto;..\modules\hashlib4pascal\HashLib\src\Crypto\Blake2BParams;..\modules\hashlib4pascal\HashLib\src\Crypto\Blake2SParams;..\modules\hashlib4pascal\HashLib\src\Hash32;..\modules\hashlib4pascal\HashLib\src\Hash64;..\modules\hashlib4pascal\HashLib\src\Include;..\modules\hashlib4pascal\HashLib\src\Interfaces;..\modules\hashlib4pascal\HashLib\src\Interfaces\IBlake2BParams;..\modules\hashlib4pascal\HashLib\src\Interfaces\IBlake2SParams;..\modules\hashlib4pascal\HashLib\src\KDF;..\modules\hashlib4pascal\HashLib\src\Nullable;..\modules\hashlib4pascal\HashLib\src\NullDigest;..\modules\hashlib4pascal\HashLib\src\Packages;..\modules\hashlib4pascal\HashLib\src\Utils"/>
            <UnitOutputDirectory Value="..\bin\$(TargetCPU)-$(TargetOS)"/>
          </SearchPaths>
          <Parsing>
            <SyntaxOptions>
              <IncludeAssertionCode Value="True"/>
            </SyntaxOptions>
          </Parsing>
          <CodeGeneration>
            <Checks>
              <IOChecks Value="True"/>
              <RangeChecks Value="True"/>
              <OverflowChecks Value="True"/>
              <StackChecks Value="True"/>
            </Checks>
            <VerifyObjMethodCallValidity Value="True"/>
          </CodeGeneration>
          <Linking>
            <Debugging>
              <DebugInfoType Value="dsDwarf3"/>
              <UseHeaptrc Value="True"/>
              <TrashVariables Value="True"/>
            </Debugging>
          </Linking>
        </CompilerOptions>
      </Item>
      <Item Name="Release">
        <CompilerOptions>
          <Version Value="11"/>
          <PathDelim Value="\"/>
          <Target>
            <Filename Value="..\bin\sge.server"/>
          </Target>
          <SearchPaths>
            <IncludeFiles Value="$(ProjOutDir)"/>
            <OtherUnitFiles Value="units;..\modules\lazjwt\src;..\modules\hashlib4pascal\HashLib\src\Base;..\modules\hashlib4pascal\HashLib\src\Checksum;..\modules\hashlib4pascal\HashLib\src\Crypto;..\modules\hashlib4pascal\HashLib\src\Crypto\Blake2BParams;..\modules\hashlib4pascal\HashLib\src\Crypto\Blake2SParams;..\modules\hashlib4pascal\HashLib\src\Hash32;..\modules\hashlib4pascal\HashLib\src\Hash64;..\modules\hashlib4pascal\HashLib\src\Include;..\modules\hashlib4pascal\HashLib\src\Interfaces;..\modules\hashlib4pascal\HashLib\src\Interfaces\IBlake2BParams;..\modules\hashlib4pascal\HashLib\src\Interfaces\IBlake2SParams;..\modules\hashlib4pascal\HashLib\src\KDF;..\modules\hashlib4pascal\HashLib\src\Nullable;..\modules\hashlib4pascal\HashLib\src\NullDigest;..\modules\hashlib4pascal\HashLib\src\Packages;..\modules\hashlib4pascal\HashLib\src\Utils"/>
            <UnitOutputDirectory Value="..\bin\$(TargetCPU)-$(TargetOS)"/>
          </SearchPaths>
          <CodeGeneration>
            <SmartLinkUnit Value="True"/>
            <Optimizations>
              <OptimizationLevel Value="4"/>
            </Optimizations>
            <SmallerCode Value="True"/>
          </CodeGeneration>
          <Linking>
            <Debugging>
              <GenerateDebugInfo Value="False"/>
              <RunWithoutDebug Value="True"/>
              <StripSymbols Value="True"/>
            </Debugging>
            <LinkSmart Value="True"/>
          </Linking>
        </CompilerOptions>
      </Item>
    </BuildModes>
    <PublishOptions>
      <Version Value="2"/>
      <UseFileFilters Value="True"/>
    </PublishOptions>
    <RunParams>
      <FormatVersion Value="2"/>
    </RunParams>
    <Units>
      <Unit>
        <Filename Value="sge.server.lpr"/>
        <IsPartOfProject Value="True"/>
      </Unit>
      <Unit>
        <Filename Value="units\SGE.Api.pas"/>
        <IsPartOfProject Value="True"/>
      </Unit>
      <Unit>
        <Filename Value="units\sge.api.auth.pas"/>
        <IsPartOfProject Value="True"/>
        <UnitName Value="SGE.Api.Auth"/>
      </Unit>
      <Unit>
        <Filename Value="units\sge.api.cargos.pas"/>
        <IsPartOfProject Value="True"/>
        <UnitName Value="SGE.Api.Cargos"/>
      </Unit>
      <Unit>
        <Filename Value="units\sge.api.healthcheck.pas"/>
        <IsPartOfProject Value="True"/>
        <UnitName Value="SGE.Api.HealthCheck"/>
      </Unit>
      <Unit>
        <Filename Value="units\sge.api.database.pas"/>
        <IsPartOfProject Value="True"/>
        <UnitName Value="SGE.Api.DataBase"/>
      </Unit>
      <Unit>
        <Filename Value="units\sge.api.usuarios.pas"/>
        <IsPartOfProject Value="True"/>
        <UnitName Value="SGE.Api.Usuarios"/>
      </Unit>
    </Units>
  </ProjectOptions>
  <CompilerOptions>
    <Version Value="11"/>
    <PathDelim Value="\"/>
    <Target>
      <Filename Value="..\bin\sge.server"/>
    </Target>
    <SearchPaths>
      <IncludeFiles Value="$(ProjOutDir)"/>
      <OtherUnitFiles Value="units;..\modules\lazjwt\src;..\modules\hashlib4pascal\HashLib\src\Base;..\modules\hashlib4pascal\HashLib\src\Checksum;..\modules\hashlib4pascal\HashLib\src\Crypto;..\modules\hashlib4pascal\HashLib\src\Crypto\Blake2BParams;..\modules\hashlib4pascal\HashLib\src\Crypto\Blake2SParams;..\modules\hashlib4pascal\HashLib\src\Hash32;..\modules\hashlib4pascal\HashLib\src\Hash64;..\modules\hashlib4pascal\HashLib\src\Include;..\modules\hashlib4pascal\HashLib\src\Interfaces;..\modules\hashlib4pascal\HashLib\src\Interfaces\IBlake2BParams;..\modules\hashlib4pascal\HashLib\src\Interfaces\IBlake2SParams;..\modules\hashlib4pascal\HashLib\src\KDF;..\modules\hashlib4pascal\HashLib\src\Nullable;..\modules\hashlib4pascal\HashLib\src\NullDigest;..\modules\hashlib4pascal\HashLib\src\Packages;..\modules\hashlib4pascal\HashLib\src\Utils"/>
      <UnitOutputDirectory Value="..\bin\$(TargetCPU)-$(TargetOS)"/>
    </SearchPaths>
    <Linking>
      <Debugging>
        <DebugInfoType Value="dsDwarf3"/>
      </Debugging>
    </Linking>
  </CompilerOptions>
  <Debugging>
    <Exceptions>
      <Item>
        <Name Value="EAbort"/>
      </Item>
      <Item>
        <Name Value="ECodetoolError"/>
      </Item>
      <Item>
        <Name Value="EFOpenError"/>
      </Item>
    </Exceptions>
  </Debugging>
</CONFIG>
